{
  "name": "swapi",
  "version": "0.0.1",
  "lockfileVersion": 1,
  "dependencies": {
    "swagger-editor-dist": {
      "version": "3.0.13",
      "resolved": "https://registry.npmjs.org/swagger-editor-dist/-/swagger-editor-dist-3.0.13.tgz",
      "integrity": "sha1-1mX454fcWF6oz51uOxgzI+gRPvk="
    }
  }
}
